// !$*UTF8*$!
{
	archiveVersion = 1;
	classes = {
	};
	objectVersion = 46;
	objects = {

/* Begin PBXBuildFile section */
		2C258DFA1E77CB3100ED70E6 /* billViewController.m in Sources */ = {isa = PBXBuildFile; fileRef = 2C258DF51E77CB3100ED70E6 /* billViewController.m */; };
		2C258DFB1E77CB3100ED70E6 /* selctViewController.m in Sources */ = {isa = PBXBuildFile; fileRef = 2C258DF71E77CB3100ED70E6 /* selctViewController.m */; };
		2C258E9E1E77CC1A00ED70E6 /* MovieInformation.m in Sources */ = {isa = PBXBuildFile; fileRef = 2C258E9D1E77CC1A00ED70E6 /* MovieInformation.m */; };
		2C261CCF1E80B0550048C260 /* billViewTableViewCell.m in Sources */ = {isa = PBXBuildFile; fileRef = 2C261CCE1E80B0550048C260 /* billViewTableViewCell.m */; };
		2C473F771E7F6695002D8339 /* loginViewController.m in Sources */ = {isa = PBXBuildFile; fileRef = 2C473F761E7F6695002D8339 /* loginViewController.m */; };
		2C88B0FF1E78C9A100CC890F /* CreatQRcodeviewController.m in Sources */ = {isa = PBXBuildFile; fileRef = 2C88B0FA1E78C9A100CC890F /* CreatQRcodeviewController.m */; };
		2C88B1001E78C9A100CC890F /* QRcodeViewController.m in Sources */ = {isa = PBXBuildFile; fileRef = 2C88B0FC1E78C9A100CC890F /* QRcodeViewController.m */; };
		2C88B1051E7910FC00CC890F /* iconfont.ttf in Resources */ = {isa = PBXBuildFile; fileRef = 2C88B1041E7910FC00CC890F /* iconfont.ttf */; };
		2C88B1131E79267200CC890F /* informationViewController.m in Sources */ = {isa = PBXBuildFile; fileRef = 2C88B1101E79267200CC890F /* informationViewController.m */; };
		2C88B1151E7926B700CC890F /* ScanImageViewController.m in Sources */ = {isa = PBXBuildFile; fileRef = 2C88B1141E7926B700CC890F /* ScanImageViewController.m */; };
		2C88B1191E79280600CC890F /* QrCreatViewController.m in Sources */ = {isa = PBXBuildFile; fileRef = 2C88B1181E79280600CC890F /* QrCreatViewController.m */; };
		2CADE6211E6EFFFD00E5FA6D /* main.m in Sources */ = {isa = PBXBuildFile; fileRef = 2CADE6201E6EFFFD00E5FA6D /* main.m */; };
		2CADE6241E6EFFFD00E5FA6D /* AppDelegate.m in Sources */ = {isa = PBXBuildFile; fileRef = 2CADE6231E6EFFFD00E5FA6D /* AppDelegate.m */; };
		2CADE6271E6EFFFD00E5FA6D /* ViewController.m in Sources */ = {isa = PBXBuildFile; fileRef = 2CADE6261E6EFFFD00E5FA6D /* ViewController.m */; };
		2CADE62A1E6EFFFD00E5FA6D /* Main.storyboard in Resources */ = {isa = PBXBuildFile; fileRef = 2CADE6281E6EFFFD00E5FA6D /* Main.storyboard */; };
		2CADE62C1E6EFFFD00E5FA6D /* Assets.xcassets in Resources */ = {isa = PBXBuildFile; fileRef = 2CADE62B1E6EFFFD00E5FA6D /* Assets.xcassets */; };
		2CADE62F1E6EFFFD00E5FA6D /* LaunchScreen.storyboard in Resources */ = {isa = PBXBuildFile; fileRef = 2CADE62D1E6EFFFD00E5FA6D /* LaunchScreen.storyboard */; };
		2CADE63A1E6EFFFD00E5FA6D /* Uepp_0307Tests.m in Sources */ = {isa = PBXBuildFile; fileRef = 2CADE6391E6EFFFD00E5FA6D /* Uepp_0307Tests.m */; };
		2CADE6451E6EFFFD00E5FA6D /* Uepp_0307UITests.m in Sources */ = {isa = PBXBuildFile; fileRef = 2CADE6441E6EFFFD00E5FA6D /* Uepp_0307UITests.m */; };
		2CE6A3A11E7B74FC002FD23A /* changePassWordViewController.m in Sources */ = {isa = PBXBuildFile; fileRef = 2CE6A3A01E7B74FC002FD23A /* changePassWordViewController.m */; };
		2CECAA901E767A0C00D7C105 /* ZBarSDK in Resources */ = {isa = PBXBuildFile; fileRef = 2CECAA8F1E767A0C00D7C105 /* ZBarSDK */; };
		2CF210A61E7A24D5003F8093 /* creatQRcode.m in Sources */ = {isa = PBXBuildFile; fileRef = 2CF210A51E7A24D5003F8093 /* creatQRcode.m */; };
		2CF210A91E7A7FBD003F8093 /* optionViewController.m in Sources */ = {isa = PBXBuildFile; fileRef = 2CF210A81E7A7FBD003F8093 /* optionViewController.m */; };
		2CF210AC1E7A804A003F8093 /* questionViewController.m in Sources */ = {isa = PBXBuildFile; fileRef = 2CF210AB1E7A804A003F8093 /* questionViewController.m */; };
		2CF210AF1E7A80F9003F8093 /* UserInformationViewController.m in Sources */ = {isa = PBXBuildFile; fileRef = 2CF210AE1E7A80F9003F8093 /* UserInformationViewController.m */; };
		5672D8F3164F6A9C91C2FA5B /* libPods-Uepp-0307.a in Frameworks */ = {isa = PBXBuildFile; fileRef = E7E93238B45CE1C744612C4D /* libPods-Uepp-0307.a */; };
/* End PBXBuildFile section */

/* Begin PBXContainerItemProxy section */
		2CADE6361E6EFFFD00E5FA6D /* PBXContainerItemProxy */ = {
			isa = PBXContainerItemProxy;
			containerPortal = 2CADE6141E6EFFFD00E5FA6D /* Project object */;
			proxyType = 1;
			remoteGlobalIDString = 2CADE61B1E6EFFFD00E5FA6D;
			remoteInfo = "Uepp-0307";
		};
		2CADE6411E6EFFFD00E5FA6D /* PBXContainerItemProxy */ = {
			isa = PBXContainerItemProxy;
			containerPortal = 2CADE6141E6EFFFD00E5FA6D /* Project object */;
			proxyType = 1;
			remoteGlobalIDString = 2CADE61B1E6EFFFD00E5FA6D;
			remoteInfo = "Uepp-0307";
		};
/* End PBXContainerItemProxy section */

/* Begin PBXFileReference section */
		0EA7B53352C4FEB58E2303D0 /* Pods-Uepp-0307.release.xcconfig */ = {isa = PBXFileReference; includeInIndex = 1; lastKnownFileType = text.xcconfig; name = "Pods-Uepp-0307.release.xcconfig"; path = "Pods/Target Support Files/Pods-Uepp-0307/Pods-Uepp-0307.release.xcconfig"; sourceTree = "<group>"; };
		2C258DF41E77CB3100ED70E6 /* billViewController.h */ = {isa = PBXFileReference; fileEncoding = 4; lastKnownFileType = sourcecode.c.h; path = billViewController.h; sourceTree = "<group>"; };
		2C258DF51E77CB3100ED70E6 /* billViewController.m */ = {isa = PBXFileReference; fileEncoding = 4; lastKnownFileType = sourcecode.c.objc; path = billViewController.m; sourceTree = "<group>"; };
		2C258DF61E77CB3100ED70E6 /* selctViewController.h */ = {isa = PBXFileReference; fileEncoding = 4; lastKnownFileType = sourcecode.c.h; path = selctViewController.h; sourceTree = "<group>"; };
		2C258DF71E77CB3100ED70E6 /* selctViewController.m */ = {isa = PBXFileReference; fileEncoding = 4; lastKnownFileType = sourcecode.c.objc; path = selctViewController.m; sourceTree = "<group>"; };
		2C258E9C1E77CC1A00ED70E6 /* MovieInformation.h */ = {isa = PBXFileReference; fileEncoding = 4; lastKnownFileType = sourcecode.c.h; path = MovieInformation.h; sourceTree = "<group>"; };
		2C258E9D1E77CC1A00ED70E6 /* MovieInformation.m */ = {isa = PBXFileReference; fileEncoding = 4; lastKnownFileType = sourcecode.c.objc; path = MovieInformation.m; sourceTree = "<group>"; };
		2C261CCD1E80B0550048C260 /* billViewTableViewCell.h */ = {isa = PBXFileReference; fileEncoding = 4; lastKnownFileType = sourcecode.c.h; path = billViewTableViewCell.h; sourceTree = "<group>"; };
		2C261CCE1E80B0550048C260 /* billViewTableViewCell.m */ = {isa = PBXFileReference; fileEncoding = 4; lastKnownFileType = sourcecode.c.objc; path = billViewTableViewCell.m; sourceTree = "<group>"; };
		2C473F751E7F6695002D8339 /* loginViewController.h */ = {isa = PBXFileReference; fileEncoding = 4; lastKnownFileType = sourcecode.c.h; path = loginViewController.h; sourceTree = "<group>"; };
		2C473F761E7F6695002D8339 /* loginViewController.m */ = {isa = PBXFileReference; fileEncoding = 4; lastKnownFileType = sourcecode.c.objc; path = loginViewController.m; sourceTree = "<group>"; };
		2C88B0F91E78C9A100CC890F /* CreatQRcodeviewController.h */ = {isa = PBXFileReference; fileEncoding = 4; lastKnownFileType = sourcecode.c.h; path = CreatQRcodeviewController.h; sourceTree = "<group>"; };
		2C88B0FA1E78C9A100CC890F /* CreatQRcodeviewController.m */ = {isa = PBXFileReference; fileEncoding = 4; lastKnownFileType = sourcecode.c.objc; path = CreatQRcodeviewController.m; sourceTree = "<group>"; };
		2C88B0FB1E78C9A100CC890F /* QRcodeViewController.h */ = {isa = PBXFileReference; fileEncoding = 4; lastKnownFileType = sourcecode.c.h; path = QRcodeViewController.h; sourceTree = "<group>"; };
		2C88B0FC1E78C9A100CC890F /* QRcodeViewController.m */ = {isa = PBXFileReference; fileEncoding = 4; lastKnownFileType = sourcecode.c.objc; path = QRcodeViewController.m; sourceTree = "<group>"; };
		2C88B1041E7910FC00CC890F /* iconfont.ttf */ = {isa = PBXFileReference; lastKnownFileType = file; path = iconfont.ttf; sourceTree = "<group>"; };
		2C88B10F1E79267200CC890F /* informationViewController.h */ = {isa = PBXFileReference; fileEncoding = 4; lastKnownFileType = sourcecode.c.h; path = informationViewController.h; sourceTree = "<group>"; };
		2C88B1101E79267200CC890F /* informationViewController.m */ = {isa = PBXFileReference; fileEncoding = 4; lastKnownFileType = sourcecode.c.objc; path = informationViewController.m; sourceTree = "<group>"; };
		2C88B1141E7926B700CC890F /* ScanImageViewController.m */ = {isa = PBXFileReference; fileEncoding = 4; lastKnownFileType = sourcecode.c.objc; path = ScanImageViewController.m; sourceTree = "<group>"; };
		2C88B1161E7926C700CC890F /* ScanImageViewController.h */ = {isa = PBXFileReference; lastKnownFileType = sourcecode.c.h; path = ScanImageViewController.h; sourceTree = "<group>"; };
		2C88B1171E79280600CC890F /* QrCreatViewController.h */ = {isa = PBXFileReference; fileEncoding = 4; lastKnownFileType = sourcecode.c.h; path = QrCreatViewController.h; sourceTree = "<group>"; };
		2C88B1181E79280600CC890F /* QrCreatViewController.m */ = {isa = PBXFileReference; fileEncoding = 4; lastKnownFileType = sourcecode.c.objc; path = QrCreatViewController.m; sourceTree = "<group>"; };
		2CADE61C1E6EFFFD00E5FA6D /* Uepp-0307.app */ = {isa = PBXFileReference; explicitFileType = wrapper.application; includeInIndex = 0; path = "Uepp-0307.app"; sourceTree = BUILT_PRODUCTS_DIR; };
		2CADE6201E6EFFFD00E5FA6D /* main.m */ = {isa = PBXFileReference; lastKnownFileType = sourcecode.c.objc; path = main.m; sourceTree = "<group>"; };
		2CADE6221E6EFFFD00E5FA6D /* AppDelegate.h */ = {isa = PBXFileReference; lastKnownFileType = sourcecode.c.h; path = AppDelegate.h; sourceTree = "<group>"; };
		2CADE6231E6EFFFD00E5FA6D /* AppDelegate.m */ = {isa = PBXFileReference; lastKnownFileType = sourcecode.c.objc; path = AppDelegate.m; sourceTree = "<group>"; };
		2CADE6251E6EFFFD00E5FA6D /* ViewController.h */ = {isa = PBXFileReference; lastKnownFileType = sourcecode.c.h; path = ViewController.h; sourceTree = "<group>"; };
		2CADE6261E6EFFFD00E5FA6D /* ViewController.m */ = {isa = PBXFileReference; lastKnownFileType = sourcecode.c.objc; path = ViewController.m; sourceTree = "<group>"; };
		2CADE6291E6EFFFD00E5FA6D /* Base */ = {isa = PBXFileReference; lastKnownFileType = file.storyboard; name = Base; path = Base.lproj/Main.storyboard; sourceTree = "<group>"; };
		2CADE62B1E6EFFFD00E5FA6D /* Assets.xcassets */ = {isa = PBXFileReference; lastKnownFileType = folder.assetcatalog; path = Assets.xcassets; sourceTree = "<group>"; };
		2CADE62E1E6EFFFD00E5FA6D /* Base */ = {isa = PBXFileReference; lastKnownFileType = file.storyboard; name = Base; path = Base.lproj/LaunchScreen.storyboard; sourceTree = "<group>"; };
		2CADE6301E6EFFFD00E5FA6D /* Info.plist */ = {isa = PBXFileReference; lastKnownFileType = text.plist.xml; path = Info.plist; sourceTree = "<group>"; };
		2CADE6351E6EFFFD00E5FA6D /* Uepp-0307Tests.xctest */ = {isa = PBXFileReference; explicitFileType = wrapper.cfbundle; includeInIndex = 0; path = "Uepp-0307Tests.xctest"; sourceTree = BUILT_PRODUCTS_DIR; };
		2CADE6391E6EFFFD00E5FA6D /* Uepp_0307Tests.m */ = {isa = PBXFileReference; lastKnownFileType = sourcecode.c.objc; path = Uepp_0307Tests.m; sourceTree = "<group>"; };
		2CADE63B1E6EFFFD00E5FA6D /* Info.plist */ = {isa = PBXFileReference; lastKnownFileType = text.plist.xml; path = Info.plist; sourceTree = "<group>"; };
		2CADE6401E6EFFFD00E5FA6D /* Uepp-0307UITests.xctest */ = {isa = PBXFileReference; explicitFileType = wrapper.cfbundle; includeInIndex = 0; path = "Uepp-0307UITests.xctest"; sourceTree = BUILT_PRODUCTS_DIR; };
		2CADE6441E6EFFFD00E5FA6D /* Uepp_0307UITests.m */ = {isa = PBXFileReference; lastKnownFileType = sourcecode.c.objc; path = Uepp_0307UITests.m; sourceTree = "<group>"; };
		2CADE6461E6EFFFD00E5FA6D /* Info.plist */ = {isa = PBXFileReference; lastKnownFileType = text.plist.xml; path = Info.plist; sourceTree = "<group>"; };
		2CE6A39F1E7B74FC002FD23A /* changePassWordViewController.h */ = {isa = PBXFileReference; fileEncoding = 4; lastKnownFileType = sourcecode.c.h; path = changePassWordViewController.h; sourceTree = "<group>"; };
		2CE6A3A01E7B74FC002FD23A /* changePassWordViewController.m */ = {isa = PBXFileReference; fileEncoding = 4; lastKnownFileType = sourcecode.c.objc; path = changePassWordViewController.m; sourceTree = "<group>"; };
		2CECAA8A1E7675E600D7C105 /* PrefixHeader.pch */ = {isa = PBXFileReference; lastKnownFileType = sourcecode.c.h; path = PrefixHeader.pch; sourceTree = "<group>"; };
		2CECAA8F1E767A0C00D7C105 /* ZBarSDK */ = {isa = PBXFileReference; lastKnownFileType = folder; path = ZBarSDK; sourceTree = "<group>"; };
		2CF210A41E7A24D5003F8093 /* creatQRcode.h */ = {isa = PBXFileReference; fileEncoding = 4; lastKnownFileType = sourcecode.c.h; path = creatQRcode.h; sourceTree = "<group>"; };
		2CF210A51E7A24D5003F8093 /* creatQRcode.m */ = {isa = PBXFileReference; fileEncoding = 4; lastKnownFileType = sourcecode.c.objc; path = creatQRcode.m; sourceTree = "<group>"; };
		2CF210A71E7A7FBD003F8093 /* optionViewController.h */ = {isa = PBXFileReference; fileEncoding = 4; lastKnownFileType = sourcecode.c.h; path = optionViewController.h; sourceTree = "<group>"; };
		2CF210A81E7A7FBD003F8093 /* optionViewController.m */ = {isa = PBXFileReference; fileEncoding = 4; lastKnownFileType = sourcecode.c.objc; path = optionViewController.m; sourceTree = "<group>"; };
		2CF210AA1E7A804A003F8093 /* questionViewController.h */ = {isa = PBXFileReference; fileEncoding = 4; lastKnownFileType = sourcecode.c.h; path = questionViewController.h; sourceTree = "<group>"; };
		2CF210AB1E7A804A003F8093 /* questionViewController.m */ = {isa = PBXFileReference; fileEncoding = 4; lastKnownFileType = sourcecode.c.objc; path = questionViewController.m; sourceTree = "<group>"; };
		2CF210AD1E7A80F9003F8093 /* UserInformationViewController.h */ = {isa = PBXFileReference; fileEncoding = 4; lastKnownFileType = sourcecode.c.h; path = UserInformationViewController.h; sourceTree = "<group>"; };
		2CF210AE1E7A80F9003F8093 /* UserInformationViewController.m */ = {isa = PBXFileReference; fileEncoding = 4; lastKnownFileType = sourcecode.c.objc; path = UserInformationViewController.m; sourceTree = "<group>"; };
		C815D4857479496B7C792D6F /* Pods-Uepp-0307.debug.xcconfig */ = {isa = PBXFileReference; includeInIndex = 1; lastKnownFileType = text.xcconfig; name = "Pods-Uepp-0307.debug.xcconfig"; path = "Pods/Target Support Files/Pods-Uepp-0307/Pods-Uepp-0307.debug.xcconfig"; sourceTree = "<group>"; };
		E7E93238B45CE1C744612C4D /* libPods-Uepp-0307.a */ = {isa = PBXFileReference; explicitFileType = archive.ar; includeInIndex = 0; path = "libPods-Uepp-0307.a"; sourceTree = BUILT_PRODUCTS_DIR; };
/* End PBXFileReference section */

/* Begin PBXFrameworksBuildPhase section */
		2CADE6191E6EFFFD00E5FA6D /* Frameworks */ = {
			isa = PBXFrameworksBuildPhase;
			buildActionMask = 2147483647;
			files = (
				5672D8F3164F6A9C91C2FA5B /* libPods-Uepp-0307.a in Frameworks */,
			);
			runOnlyForDeploymentPostprocessing = 0;
		};
		2CADE6321E6EFFFD00E5FA6D /* Frameworks */ = {
			isa = PBXFrameworksBuildPhase;
			buildActionMask = 2147483647;
			files = (
			);
			runOnlyForDeploymentPostprocessing = 0;
		};
		2CADE63D1E6EFFFD00E5FA6D /* Frameworks */ = {
			isa = PBXFrameworksBuildPhase;
			buildActionMask = 2147483647;
			files = (
			);
			runOnlyForDeploymentPostprocessing = 0;
		};
/* End PBXFrameworksBuildPhase section */

/* Begin PBXGroup section */
		21AF633A42FFEA80A1EFBA91 /* Pods */ = {
			isa = PBXGroup;
			children = (
				C815D4857479496B7C792D6F /* Pods-Uepp-0307.debug.xcconfig */,
				0EA7B53352C4FEB58E2303D0 /* Pods-Uepp-0307.release.xcconfig */,
			);
			name = Pods;
			sourceTree = "<group>";
		};
		2C258DF21E77CB3100ED70E6 /* billView */ = {
			isa = PBXGroup;
			children = (
				2C258DF31E77CB3100ED70E6 /* Control */,
				2C258DF81E77CB3100ED70E6 /* Model */,
				2C258DF91E77CB3100ED70E6 /* View */,
			);
			path = billView;
			sourceTree = "<group>";
		};
		2C258DF31E77CB3100ED70E6 /* Control */ = {
			isa = PBXGroup;
			children = (
				2C258DF41E77CB3100ED70E6 /* billViewController.h */,
				2C258DF51E77CB3100ED70E6 /* billViewController.m */,
				2C258DF61E77CB3100ED70E6 /* selctViewController.h */,
				2C258DF71E77CB3100ED70E6 /* selctViewController.m */,
			);
			path = Control;
			sourceTree = "<group>";
		};
		2C258DF81E77CB3100ED70E6 /* Model */ = {
			isa = PBXGroup;
			children = (
				2C258E9C1E77CC1A00ED70E6 /* MovieInformation.h */,
				2C258E9D1E77CC1A00ED70E6 /* MovieInformation.m */,
			);
			path = Model;
			sourceTree = "<group>";
		};
		2C258DF91E77CB3100ED70E6 /* View */ = {
			isa = PBXGroup;
			children = (
				2C261CCD1E80B0550048C260 /* billViewTableViewCell.h */,
				2C261CCE1E80B0550048C260 /* billViewTableViewCell.m */,
			);
			path = View;
			sourceTree = "<group>";
		};
		2C473F711E7F6674002D8339 /* loginView */ = {
			isa = PBXGroup;
			children = (
				2C473F721E7F6674002D8339 /* Control */,
				2C473F731E7F6674002D8339 /* Model */,
				2C473F741E7F6674002D8339 /* View */,
			);
			path = loginView;
			sourceTree = "<group>";
		};
		2C473F721E7F6674002D8339 /* Control */ = {
			isa = PBXGroup;
			children = (
				2C473F751E7F6695002D8339 /* loginViewController.h */,
				2C473F761E7F6695002D8339 /* loginViewController.m */,
			);
			path = Control;
			sourceTree = "<group>";
		};
		2C473F731E7F6674002D8339 /* Model */ = {
			isa = PBXGroup;
			children = (
			);
			path = Model;
			sourceTree = "<group>";
		};
		2C473F741E7F6674002D8339 /* View */ = {
			isa = PBXGroup;
			children = (
			);
			path = View;
			sourceTree = "<group>";
		};
		2C88B0F71E78C9A100CC890F /* QRCodeView */ = {
			isa = PBXGroup;
			children = (
				2C88B0F81E78C9A100CC890F /* Control */,
				2C88B0FD1E78C9A100CC890F /* Model */,
				2C88B0FE1E78C9A100CC890F /* View */,
			);
			name = QRCodeView;
			path = billView/QRCodeView;
			sourceTree = "<group>";
		};
		2C88B0F81E78C9A100CC890F /* Control */ = {
			isa = PBXGroup;
			children = (
				2C88B1161E7926C700CC890F /* ScanImageViewController.h */,
				2C88B1141E7926B700CC890F /* ScanImageViewController.m */,
				2C88B0F91E78C9A100CC890F /* CreatQRcodeviewController.h */,
				2C88B0FA1E78C9A100CC890F /* CreatQRcodeviewController.m */,
				2C88B0FB1E78C9A100CC890F /* QRcodeViewController.h */,
				2C88B0FC1E78C9A100CC890F /* QRcodeViewController.m */,
			);
			path = Control;
			sourceTree = "<group>";
		};
		2C88B0FD1E78C9A100CC890F /* Model */ = {
			isa = PBXGroup;
			children = (
			);
			path = Model;
			sourceTree = "<group>";
		};
		2C88B0FE1E78C9A100CC890F /* View */ = {
			isa = PBXGroup;
			children = (
			);
			path = View;
			sourceTree = "<group>";
		};
		2C88B10D1E79267200CC890F /* informationView */ = {
			isa = PBXGroup;
			children = (
				2C88B10E1E79267200CC890F /* Control */,
				2C88B1111E79267200CC890F /* Model */,
				2C88B1121E79267200CC890F /* View */,
			);
			path = informationView;
			sourceTree = "<group>";
		};
		2C88B10E1E79267200CC890F /* Control */ = {
			isa = PBXGroup;
			children = (
				2CE6A39F1E7B74FC002FD23A /* changePassWordViewController.h */,
				2CE6A3A01E7B74FC002FD23A /* changePassWordViewController.m */,
				2CF210A71E7A7FBD003F8093 /* optionViewController.h */,
				2CF210A81E7A7FBD003F8093 /* optionViewController.m */,
				2CF210AA1E7A804A003F8093 /* questionViewController.h */,
				2CF210AB1E7A804A003F8093 /* questionViewController.m */,
				2CF210AD1E7A80F9003F8093 /* UserInformationViewController.h */,
				2CF210AE1E7A80F9003F8093 /* UserInformationViewController.m */,
				2C88B10F1E79267200CC890F /* informationViewController.h */,
				2C88B1101E79267200CC890F /* informationViewController.m */,
				2C88B1171E79280600CC890F /* QrCreatViewController.h */,
				2C88B1181E79280600CC890F /* QrCreatViewController.m */,
			);
			path = Control;
			sourceTree = "<group>";
		};
		2C88B1111E79267200CC890F /* Model */ = {
			isa = PBXGroup;
			children = (
			);
			path = Model;
			sourceTree = "<group>";
		};
		2C88B1121E79267200CC890F /* View */ = {
			isa = PBXGroup;
			children = (
			);
			path = View;
			sourceTree = "<group>";
		};
		2CADE6131E6EFFFD00E5FA6D = {
			isa = PBXGroup;
			children = (
				2CADE61E1E6EFFFD00E5FA6D /* Uepp-0307 */,
				2CADE6381E6EFFFD00E5FA6D /* Uepp-0307Tests */,
				2CADE6431E6EFFFD00E5FA6D /* Uepp-0307UITests */,
				2CADE61D1E6EFFFD00E5FA6D /* Products */,
				21AF633A42FFEA80A1EFBA91 /* Pods */,
				CE9E7BF9E5E0B5F36985D2E0 /* Frameworks */,
			);
			sourceTree = "<group>";
		};
		2CADE61D1E6EFFFD00E5FA6D /* Products */ = {
			isa = PBXGroup;
			children = (
				2CADE61C1E6EFFFD00E5FA6D /* Uepp-0307.app */,
				2CADE6351E6EFFFD00E5FA6D /* Uepp-0307Tests.xctest */,
				2CADE6401E6EFFFD00E5FA6D /* Uepp-0307UITests.xctest */,
			);
			name = Products;
			sourceTree = "<group>";
		};
		2CADE61E1E6EFFFD00E5FA6D /* Uepp-0307 */ = {
			isa = PBXGroup;
			children = (
				2CECAA8F1E767A0C00D7C105 /* ZBarSDK */,
				2C258DF21E77CB3100ED70E6 /* billView */,
				2C88B0F71E78C9A100CC890F /* QRCodeView */,
				2C88B10D1E79267200CC890F /* informationView */,
				2C473F711E7F6674002D8339 /* loginView */,
				2CADE6221E6EFFFD00E5FA6D /* AppDelegate.h */,
				2CADE6231E6EFFFD00E5FA6D /* AppDelegate.m */,
				2CADE6251E6EFFFD00E5FA6D /* ViewController.h */,
				2CADE6261E6EFFFD00E5FA6D /* ViewController.m */,
				2CF210A41E7A24D5003F8093 /* creatQRcode.h */,
				2CF210A51E7A24D5003F8093 /* creatQRcode.m */,
				2CADE6281E6EFFFD00E5FA6D /* Main.storyboard */,
				2CADE62B1E6EFFFD00E5FA6D /* Assets.xcassets */,
				2CADE62D1E6EFFFD00E5FA6D /* LaunchScreen.storyboard */,
				2CADE61F1E6EFFFD00E5FA6D /* Supporting Files */,
			);
			path = "Uepp-0307";
			sourceTree = "<group>";
		};
		2CADE61F1E6EFFFD00E5FA6D /* Supporting Files */ = {
			isa = PBXGroup;
			children = (
				2C88B1041E7910FC00CC890F /* iconfont.ttf */,
				2CECAA8A1E7675E600D7C105 /* PrefixHeader.pch */,
				2CADE6301E6EFFFD00E5FA6D /* Info.plist */,
				2CADE6201E6EFFFD00E5FA6D /* main.m */,
			);
			name = "Supporting Files";
			sourceTree = "<group>";
		};
		2CADE6381E6EFFFD00E5FA6D /* Uepp-0307Tests */ = {
			isa = PBXGroup;
			children = (
				2CADE6391E6EFFFD00E5FA6D /* Uepp_0307Tests.m */,
				2CADE63B1E6EFFFD00E5FA6D /* Info.plist */,
			);
			path = "Uepp-0307Tests";
			sourceTree = "<group>";
		};
		2CADE6431E6EFFFD00E5FA6D /* Uepp-0307UITests */ = {
			isa = PBXGroup;
			children = (
				2CADE6441E6EFFFD00E5FA6D /* Uepp_0307UITests.m */,
				2CADE6461E6EFFFD00E5FA6D /* Info.plist */,
			);
			path = "Uepp-0307UITests";
			sourceTree = "<group>";
		};
		CE9E7BF9E5E0B5F36985D2E0 /* Frameworks */ = {
			isa = PBXGroup;
			children = (
				E7E93238B45CE1C744612C4D /* libPods-Uepp-0307.a */,
			);
			name = Frameworks;
			sourceTree = "<group>";
		};
/* End PBXGroup section */

/* Begin PBXNativeTarget section */
		2CADE61B1E6EFFFD00E5FA6D /* Uepp-0307 */ = {
			isa = PBXNativeTarget;
			buildConfigurationList = 2CADE6491E6EFFFD00E5FA6D /* Build configuration list for PBXNativeTarget "Uepp-0307" */;
			buildPhases = (
				E8B3E696D5D7445DD2E015A9 /* [CP] Check Pods Manifest.lock */,
				2CADE6181E6EFFFD00E5FA6D /* Sources */,
				2CADE6191E6EFFFD00E5FA6D /* Frameworks */,
				2CADE61A1E6EFFFD00E5FA6D /* Resources */,
				19296FC981C559FEB1B94BE4 /* [CP] Embed Pods Frameworks */,
				0260BD6D132E40BE85B7220F /* [CP] Copy Pods Resources */,
			);
			buildRules = (
			);
			dependencies = (
			);
			name = "Uepp-0307";
			productName = "Uepp-0307";
			productReference = 2CADE61C1E6EFFFD00E5FA6D /* Uepp-0307.app */;
			productType = "com.apple.product-type.application";
		};
		2CADE6341E6EFFFD00E5FA6D /* Uepp-0307Tests */ = {
			isa = PBXNativeTarget;
			buildConfigurationList = 2CADE64C1E6EFFFD00E5FA6D /* Build configuration list for PBXNativeTarget "Uepp-0307Tests" */;
			buildPhases = (
				2CADE6311E6EFFFD00E5FA6D /* Sources */,
				2CADE6321E6EFFFD00E5FA6D /* Frameworks */,
				2CADE6331E6EFFFD00E5FA6D /* Resources */,
			);
			buildRules = (
			);
			dependencies = (
				2CADE6371E6EFFFD00E5FA6D /* PBXTargetDependency */,
			);
			name = "Uepp-0307Tests";
			productName = "Uepp-0307Tests";
			productReference = 2CADE6351E6EFFFD00E5FA6D /* Uepp-0307Tests.xctest */;
			productType = "com.apple.product-type.bundle.unit-test";
		};
		2CADE63F1E6EFFFD00E5FA6D /* Uepp-0307UITests */ = {
			isa = PBXNativeTarget;
			buildConfigurationList = 2CADE64F1E6EFFFD00E5FA6D /* Build configuration list for PBXNativeTarget "Uepp-0307UITests" */;
			buildPhases = (
				2CADE63C1E6EFFFD00E5FA6D /* Sources */,
				2CADE63D1E6EFFFD00E5FA6D /* Frameworks */,
				2CADE63E1E6EFFFD00E5FA6D /* Resources */,
			);
			buildRules = (
			);
			dependencies = (
				2CADE6421E6EFFFD00E5FA6D /* PBXTargetDependency */,
			);
			name = "Uepp-0307UITests";
			productName = "Uepp-0307UITests";
			productReference = 2CADE6401E6EFFFD00E5FA6D /* Uepp-0307UITests.xctest */;
			productType = "com.apple.product-type.bundle.ui-testing";
		};
/* End PBXNativeTarget section */

/* Begin PBXProject section */
		2CADE6141E6EFFFD00E5FA6D /* Project object */ = {
			isa = PBXProject;
			attributes = {
				LastUpgradeCheck = 0820;
				ORGANIZATIONNAME = yan;
				TargetAttributes = {
					2CADE61B1E6EFFFD00E5FA6D = {
						CreatedOnToolsVersion = 8.2.1;
						DevelopmentTeam = 4DMM75NZAC;
						ProvisioningStyle = Automatic;
					};
					2CADE6341E6EFFFD00E5FA6D = {
						CreatedOnToolsVersion = 8.2.1;
						DevelopmentTeam = 4DMM75NZAC;
						ProvisioningStyle = Automatic;
						TestTargetID = 2CADE61B1E6EFFFD00E5FA6D;
					};
					2CADE63F1E6EFFFD00E5FA6D = {
						CreatedOnToolsVersion = 8.2.1;
						DevelopmentTeam = 4DMM75NZAC;
						ProvisioningStyle = Automatic;
						TestTargetID = 2CADE61B1E6EFFFD00E5FA6D;
					};
				};
			};
			buildConfigurationList = 2CADE6171E6EFFFD00E5FA6D /* Build configuration list for PBXProject "Uepp-0307" */;
			compatibilityVersion = "Xcode 3.2";
			developmentRegion = English;
			hasScannedForEncodings = 0;
			knownRegions = (
				en,
				Base,
			);
			mainGroup = 2CADE6131E6EFFFD00E5FA6D;
			productRefGroup = 2CADE61D1E6EFFFD00E5FA6D /* Products */;
			projectDirPath = "";
			projectRoot = "";
			targets = (
				2CADE61B1E6EFFFD00E5FA6D /* Uepp-0307 */,
				2CADE6341E6EFFFD00E5FA6D /* Uepp-0307Tests */,
				2CADE63F1E6EFFFD00E5FA6D /* Uepp-0307UITests */,
			);
		};
/* End PBXProject section */

/* Begin PBXResourcesBuildPhase section */
		2CADE61A1E6EFFFD00E5FA6D /* Resources */ = {
			isa = PBXResourcesBuildPhase;
			buildActionMask = 2147483647;
			files = (
				2CECAA901E767A0C00D7C105 /* ZBarSDK in Resources */,
				2CADE62F1E6EFFFD00E5FA6D /* LaunchScreen.storyboard in Resources */,
				2CADE62C1E6EFFFD00E5FA6D /* Assets.xcassets in Resources */,
				2C88B1051E7910FC00CC890F /* iconfont.ttf in Resources */,
				2CADE62A1E6EFFFD00E5FA6D /* Main.storyboard in Resources */,
			);
			runOnlyForDeploymentPostprocessing = 0;
		};
		2CADE6331E6EFFFD00E5FA6D /* Resources */ = {
			isa = PBXResourcesBuildPhase;
			buildActionMask = 2147483647;
			files = (
			);
			runOnlyForDeploymentPostprocessing = 0;
		};
		2CADE63E1E6EFFFD00E5FA6D /* Resources */ = {
			isa = PBXResourcesBuildPhase;
			buildActionMask = 2147483647;
			files = (
			);
			runOnlyForDeploymentPostprocessing = 0;
		};
/* End PBXResourcesBuildPhase section */

/* Begin PBXShellScriptBuildPhase section */
		0260BD6D132E40BE85B7220F /* [CP] Copy Pods Resources */ = {
			isa = PBXShellScriptBuildPhase;
			buildActionMask = 2147483647;
			files = (
			);
			inputPaths = (
			);
			name = "[CP] Copy Pods Resources";
			outputPaths = (
			);
			runOnlyForDeploymentPostprocessing = 0;
			shellPath = /bin/sh;
			shellScript = "\"${SRCROOT}/Pods/Target Support Files/Pods-Uepp-0307/Pods-Uepp-0307-resources.sh\"\n";
			showEnvVarsInLog = 0;
		};
		19296FC981C559FEB1B94BE4 /* [CP] Embed Pods Frameworks */ = {
			isa = PBXShellScriptBuildPhase;
			buildActionMask = 2147483647;
			files = (
			);
			inputPaths = (
			);
			name = "[CP] Embed Pods Frameworks";
			outputPaths = (
			);
			runOnlyForDeploymentPostprocessing = 0;
			shellPath = /bin/sh;
			shellScript = "\"${SRCROOT}/Pods/Target Support Files/Pods-Uepp-0307/Pods-Uepp-0307-frameworks.sh\"\n";
			showEnvVarsInLog = 0;
		};
		E8B3E696D5D7445DD2E015A9 /* [CP] Check Pods Manifest.lock */ = {
			isa = PBXShellScriptBuildPhase;
			buildActionMask = 2147483647;
			files = (
			);
			inputPaths = (
			);
			name = "[CP] Check Pods Manifest.lock";
			outputPaths = (
			);
			runOnlyForDeploymentPostprocessing = 0;
			shellPath = /bin/sh;
			shellScript = "diff \"${PODS_ROOT}/../Podfile.lock\" \"${PODS_ROOT}/Manifest.lock\" > /dev/null\nif [ $? != 0 ] ; then\n    # print error to STDERR\n    echo \"error: The sandbox is not in sync with the Podfile.lock. Run 'pod install' or update your CocoaPods installation.\" >&2\n    exit 1\nfi\n";
			showEnvVarsInLog = 0;
		};
/* End PBXShellScriptBuildPhase section */

/* Begin PBXSourcesBuildPhase section */
		2CADE6181E6EFFFD00E5FA6D /* Sources */ = {
			isa = PBXSourcesBuildPhase;
			buildActionMask = 2147483647;
			files = (
				2C258DFA1E77CB3100ED70E6 /* billViewController.m in Sources */,
				2CE6A3A11E7B74FC002FD23A /* changePassWordViewController.m in Sources */,
				2CF210A61E7A24D5003F8093 /* creatQRcode.m in Sources */,
				2CADE6271E6EFFFD00E5FA6D /* ViewController.m in Sources */,
				2C88B1001E78C9A100CC890F /* QRcodeViewController.m in Sources */,
				2C473F771E7F6695002D8339 /* loginViewController.m in Sources */,
				2C88B1131E79267200CC890F /* informationViewController.m in Sources */,
				2CADE6241E6EFFFD00E5FA6D /* AppDelegate.m in Sources */,
				2C88B1151E7926B700CC890F /* ScanImageViewController.m in Sources */,
				2C88B0FF1E78C9A100CC890F /* CreatQRcodeviewController.m in Sources */,
				2CADE6211E6EFFFD00E5FA6D /* main.m in Sources */,
				2C258DFB1E77CB3100ED70E6 /* selctViewController.m in Sources */,
				2CF210A91E7A7FBD003F8093 /* optionViewController.m in Sources */,
				2C261CCF1E80B0550048C260 /* billViewTableViewCell.m in Sources */,
				2C258E9E1E77CC1A00ED70E6 /* MovieInformation.m in Sources */,
				2CF210AC1E7A804A003F8093 /* questionViewController.m in Sources */,
				2C88B1191E79280600CC890F /* QrCreatViewController.m in Sources */,
				2CF210AF1E7A80F9003F8093 /* UserInformationViewController.m in Sources */,
			);
			runOnlyForDeploymentPostprocessing = 0;
		};
		2CADE6311E6EFFFD00E5FA6D /* Sources */ = {
			isa = PBXSourcesBuildPhase;
			buildActionMask = 2147483647;
			files = (
				2CADE63A1E6EFFFD00E5FA6D /* Uepp_0307Tests.m in Sources */,
			);
			runOnlyForDeploymentPostprocessing = 0;
		};
		2CADE63C1E6EFFFD00E5FA6D /* Sources */ = {
			isa = PBXSourcesBuildPhase;
			buildActionMask = 2147483647;
			files = (
				2CADE6451E6EFFFD00E5FA6D /* Uepp_0307UITests.m in Sources */,
			);
			runOnlyForDeploymentPostprocessing = 0;
		};
/* End PBXSourcesBuildPhase section */

/* Begin PBXTargetDependency section */
		2CADE6371E6EFFFD00E5FA6D /* PBXTargetDependency */ = {
			isa = PBXTargetDependency;
			target = 2CADE61B1E6EFFFD00E5FA6D /* Uepp-0307 */;
			targetProxy = 2CADE6361E6EFFFD00E5FA6D /* PBXContainerItemProxy */;
		};
		2CADE6421E6EFFFD00E5FA6D /* PBXTargetDependency */ = {
			isa = PBXTargetDependency;
			target = 2CADE61B1E6EFFFD00E5FA6D /* Uepp-0307 */;
			targetProxy = 2CADE6411E6EFFFD00E5FA6D /* PBXContainerItemProxy */;
		};
/* End PBXTargetDependency section */

/* Begin PBXVariantGroup section */
		2CADE6281E6EFFFD00E5FA6D /* Main.storyboard */ = {
			isa = PBXVariantGroup;
			children = (
				2CADE6291E6EFFFD00E5FA6D /* Base */,
			);
			name = Main.storyboard;
			sourceTree = "<group>";
		};
		2CADE62D1E6EFFFD00E5FA6D /* LaunchScreen.storyboard */ = {
			isa = PBXVariantGroup;
			children = (
				2CADE62E1E6EFFFD00E5FA6D /* Base */,
			);
			name = LaunchScreen.storyboard;
			sourceTree = "<group>";
		};
/* End PBXVariantGroup section */

/* Begin XCBuildConfiguration section */
		2CADE6471E6EFFFD00E5FA6D /* Debug */ = {
			isa = XCBuildConfiguration;
			buildSettings = {
				ALWAYS_SEARCH_USER_PATHS = NO;
				CLANG_ANALYZER_NONNULL = YES;
				CLANG_CXX_LANGUAGE_STANDARD = "gnu++0x";
				CLANG_CXX_LIBRARY = "libc++";
				CLANG_ENABLE_MODULES = YES;
				CLANG_ENABLE_OBJC_ARC = YES;
				CLANG_WARN_BOOL_CONVERSION = YES;
				CLANG_WARN_CONSTANT_CONVERSION = YES;
				CLANG_WARN_DIRECT_OBJC_ISA_USAGE = YES_ERROR;
				CLANG_WARN_DOCUMENTATION_COMMENTS = YES;
				CLANG_WARN_EMPTY_BODY = YES;
				CLANG_WARN_ENUM_CONVERSION = YES;
				CLANG_WARN_INFINITE_RECURSION = YES;
				CLANG_WARN_INT_CONVERSION = YES;
				CLANG_WARN_OBJC_ROOT_CLASS = YES_ERROR;
				CLANG_WARN_SUSPICIOUS_MOVE = YES;
				CLANG_WARN_UNREACHABLE_CODE = YES;
				CLANG_WARN__DUPLICATE_METHOD_MATCH = YES;
				"CODE_SIGN_IDENTITY[sdk=iphoneos*]" = "iPhone Developer";
				COPY_PHASE_STRIP = NO;
				DEBUG_INFORMATION_FORMAT = dwarf;
				ENABLE_STRICT_OBJC_MSGSEND = YES;
				ENABLE_TESTABILITY = YES;
				GCC_C_LANGUAGE_STANDARD = gnu99;
				GCC_DYNAMIC_NO_PIC = NO;
				GCC_NO_COMMON_BLOCKS = YES;
				GCC_OPTIMIZATION_LEVEL = 0;
				GCC_PREPROCESSOR_DEFINITIONS = (
					"DEBUG=1",
					"$(inherited)",
				);
				GCC_WARN_64_TO_32_BIT_CONVERSION = YES;
				GCC_WARN_ABOUT_RETURN_TYPE = YES_ERROR;
				GCC_WARN_UNDECLARED_SELECTOR = YES;
				GCC_WARN_UNINITIALIZED_AUTOS = YES_AGGRESSIVE;
				GCC_WARN_UNUSED_FUNCTION = YES;
				GCC_WARN_UNUSED_VARIABLE = YES;
				IPHONEOS_DEPLOYMENT_TARGET = 10.2;
				MTL_ENABLE_DEBUG_INFO = YES;
				ONLY_ACTIVE_ARCH = YES;
				SDKROOT = iphoneos;
			};
			name = Debug;
		};
		2CADE6481E6EFFFD00E5FA6D /* Release */ = {
			isa = XCBuildConfiguration;
			buildSettings = {
				ALWAYS_SEARCH_USER_PATHS = NO;
				CLANG_ANALYZER_NONNULL = YES;
				CLANG_CXX_LANGUAGE_STANDARD = "gnu++0x";
				CLANG_CXX_LIBRARY = "libc++";
				CLANG_ENABLE_MODULES = YES;
				CLANG_ENABLE_OBJC_ARC = YES;
				CLANG_WARN_BOOL_CONVERSION = YES;
				CLANG_WARN_CONSTANT_CONVERSION = YES;
				CLANG_WARN_DIRECT_OBJC_ISA_USAGE = YES_ERROR;
				CLANG_WARN_DOCUMENTATION_COMMENTS = YES;
				CLANG_WARN_EMPTY_BODY = YES;
				CLANG_WARN_ENUM_CONVERSION = YES;
				CLANG_WARN_INFINITE_RECURSION = YES;
				CLANG_WARN_INT_CONVERSION = YES;
				CLANG_WARN_OBJC_ROOT_CLASS = YES_ERROR;
				CLANG_WARN_SUSPICIOUS_MOVE = YES;
				CLANG_WARN_UNREACHABLE_CODE = YES;
				CLANG_WARN__DUPLICATE_METHOD_MATCH = YES;
				"CODE_SIGN_IDENTITY[sdk=iphoneos*]" = "iPhone Developer";
				COPY_PHASE_STRIP = NO;
				DEBUG_INFORMATION_FORMAT = "dwarf-with-dsym";
				ENABLE_NS_ASSERTIONS = NO;
				ENABLE_STRICT_OBJC_MSGSEND = YES;
				GCC_C_LANGUAGE_STANDARD = gnu99;
				GCC_NO_COMMON_BLOCKS = YES;
				GCC_WARN_64_TO_32_BIT_CONVERSION = YES;
				GCC_WARN_ABOUT_RETURN_TYPE = YES_ERROR;
				GCC_WARN_UNDECLARED_SELECTOR = YES;
				GCC_WARN_UNINITIALIZED_AUTOS = YES_AGGRESSIVE;
				GCC_WARN_UNUSED_FUNCTION = YES;
				GCC_WARN_UNUSED_VARIABLE = YES;
				IPHONEOS_DEPLOYMENT_TARGET = 10.2;
				MTL_ENABLE_DEBUG_INFO = NO;
				SDKROOT = iphoneos;
				VALIDATE_PRODUCT = YES;
			};
			name = Release;
		};
		2CADE64A1E6EFFFD00E5FA6D /* Debug */ = {
			isa = XCBuildConfiguration;
			baseConfigurationReference = C815D4857479496B7C792D6F /* Pods-Uepp-0307.debug.xcconfig */;
			buildSettings = {
				ASSETCATALOG_COMPILER_APPICON_NAME = AppIcon;
				DEVELOPMENT_TEAM = 4DMM75NZAC;
				GCC_INPUT_FILETYPE = sourcecode.c.objc;
				GCC_PRECOMPILE_PREFIX_HEADER = YES;
				GCC_PREFIX_HEADER = "/Users/yan/Documents/Uepp-0307/backup/Uepp-0307/PrefixHeader.pch";
				INFOPLIST_FILE = "Uepp-0307/Info.plist";
				LD_RUNPATH_SEARCH_PATHS = "$(inherited) @executable_path/Frameworks";
				LIBRARY_SEARCH_PATHS = (
					"$(inherited)",
					"$(PROJECT_DIR)/Uepp-0307/ZBarSDK",
				);
				PRODUCT_BUNDLE_IDENTIFIER = "dhcc.-209-UIKit";
				PRODUCT_NAME = "$(TARGET_NAME)";
			};
			name = Debug;
		};
		2CADE64B1E6EFFFD00E5FA6D /* Release */ = {
			isa = XCBuildConfiguration;
			baseConfigurationReference = 0EA7B53352C4FEB58E2303D0 /* Pods-Uepp-0307.release.xcconfig */;
			buildSettings = {
				ASSETCATALOG_COMPILER_APPICON_NAME = AppIcon;
				DEVELOPMENT_TEAM = 4DMM75NZAC;
				GCC_INPUT_FILETYPE = sourcecode.c.objc;
				GCC_PRECOMPILE_PREFIX_HEADER = YES;
				GCC_PREFIX_HEADER = "/Users/yan/Documents/Uepp-0307/backup/Uepp-0307/PrefixHeader.pch";
				INFOPLIST_FILE = "Uepp-0307/Info.plist";
				LD_RUNPATH_SEARCH_PATHS = "$(inherited) @executable_path/Frameworks";
				LIBRARY_SEARCH_PATHS = (
					"$(inherited)",
					"$(PROJECT_DIR)/Uepp-0307/ZBarSDK",
				);
				PRODUCT_BUNDLE_IDENTIFIER = "dhcc.-209-UIKit";
				PRODUCT_NAME = "$(TARGET_NAME)";
			};
			name = Release;
		};
		2CADE64D1E6EFFFD00E5FA6D /* Debug */ = {
			isa = XCBuildConfiguration;
			buildSettings = {
				BUNDLE_LOADER = "$(TEST_HOST)";
				DEVELOPMENT_TEAM = 4DMM75NZAC;
				INFOPLIST_FILE = "Uepp-0307Tests/Info.plist";
				LD_RUNPATH_SEARCH_PATHS = "$(inherited) @executable_path/Frameworks @loader_path/Frameworks";
				PRODUCT_BUNDLE_IDENTIFIER = "dhcc.Uepp-0307Tests";
				PRODUCT_NAME = "$(TARGET_NAME)";
				TEST_HOST = "$(BUILT_PRODUCTS_DIR)/Uepp-0307.app/Uepp-0307";
			};
			name = Debug;
		};
		2CADE64E1E6EFFFD00E5FA6D /* Release */ = {
			isa = XCBuildConfiguration;
			buildSettings = {
				BUNDLE_LOADER = "$(TEST_HOST)";
				DEVELOPMENT_TEAM = 4DMM75NZAC;
				INFOPLIST_FILE = "Uepp-0307Tests/Info.plist";
				LD_RUNPATH_SEARCH_PATHS = "$(inherited) @executable_path/Frameworks @loader_path/Frameworks";
				PRODUCT_BUNDLE_IDENTIFIER = "dhcc.Uepp-0307Tests";
				PRODUCT_NAME = "$(TARGET_NAME)";
				TEST_HOST = "$(BUILT_PRODUCTS_DIR)/Uepp-0307.app/Uepp-0307";
			};
			name = Release;
		};
		2CADE6501E6EFFFD00E5FA6D /* Debug */ = {
			isa = XCBuildConfiguration;
			buildSettings = {
				DEVELOPMENT_TEAM = 4DMM75NZAC;
				INFOPLIST_FILE = "Uepp-0307UITests/Info.plist";
				LD_RUNPATH_SEARCH_PATHS = "$(inherited) @executable_path/Frameworks @loader_path/Frameworks";
				PRODUCT_BUNDLE_IDENTIFIER = "dhcc.Uepp-0307UITests";
				PRODUCT_NAME = "$(TARGET_NAME)";
				TEST_TARGET_NAME = "Uepp-0307";
			};
			name = Debug;
		};
		2CADE6511E6EFFFD00E5FA6D /* Release */ = {
			isa = XCBuildConfiguration;
			buildSettings = {
				DEVELOPMENT_TEAM = 4DMM75NZAC;
				INFOPLIST_FILE = "Uepp-0307UITests/Info.plist";
				LD_RUNPATH_SEARCH_PATHS = "$(inherited) @executable_path/Frameworks @loader_path/Frameworks";
				PRODUCT_BUNDLE_IDENTIFIER = "dhcc.Uepp-0307UITests";
				PRODUCT_NAME = "$(TARGET_NAME)";
				TEST_TARGET_NAME = "Uepp-0307";
			};
			name = Release;
		};
/* End XCBuildConfiguration section */

/* Begin XCConfigurationList section */
		2CADE6171E6EFFFD00E5FA6D /* Build configuration list for PBXProject "Uepp-0307" */ = {
			isa = XCConfigurationList;
			buildConfigurations = (
				2CADE6471E6EFFFD00E5FA6D /* Debug */,
				2CADE6481E6EFFFD00E5FA6D /* Release */,
			);
			defaultConfigurationIsVisible = 0;
			defaultConfigurationName = Release;
		};
		2CADE6491E6EFFFD00E5FA6D /* Build configuration list for PBXNativeTarget "Uepp-0307" */ = {
			isa = XCConfigurationList;
			buildConfigurations = (
				2CADE64A1E6EFFFD00E5FA6D /* Debug */,
				2CADE64B1E6EFFFD00E5FA6D /* Release */,
			);
			defaultConfigurationIsVisible = 0;
			defaultConfigurationName = Release;
		};
		2CADE64C1E6EFFFD00E5FA6D /* Build configuration list for PBXNativeTarget "Uepp-0307Tests" */ = {
			isa = XCConfigurationList;
			buildConfigurations = (
				2CADE64D1E6EFFFD00E5FA6D /* Debug */,
				2CADE64E1E6EFFFD00E5FA6D /* Release */,
			);
			defaultConfigurationIsVisible = 0;
			defaultConfigurationName = Release;
		};
		2CADE64F1E6EFFFD00E5FA6D /* Build configuration list for PBXNativeTarget "Uepp-0307UITests" */ = {
			isa = XCConfigurationList;
			buildConfigurations = (
				2CADE6501E6EFFFD00E5FA6D /* Debug */,
				2CADE6511E6EFFFD00E5FA6D /* Release */,
			);
			defaultConfigurationIsVisible = 0;
			defaultConfigurationName = Release;
		};
/* End XCConfigurationList section */
	};
	rootObject = 2CADE6141E6EFFFD00E5FA6D /* Project object */;
}
